// !$*UTF8*$!
{
	archiveVersion = 1;
	classes = {
	};
	objectVersion = 51;
	objects = {

/* Begin PBXBuildFile section */
		8456B9DA8E3DE75140BCE07B /* Pods_U4d.framework in Frameworks */ = {isa = PBXBuildFile; fileRef = E3281A51FB46E74B8A16E2FD /* Pods_U4d.framework */; };
		E42EC4D8238676B300985E59 /* AppDelegate.swift in Sources */ = {isa = PBXBuildFile; fileRef = E42EC4D7238676B300985E59 /* AppDelegate.swift */; };
		E42EC4DF238676B300985E59 /* Main.storyboard in Resources */ = {isa = PBXBuildFile; fileRef = E42EC4DD238676B300985E59 /* Main.storyboard */; };
		E42EC4E1238676B400985E59 /* Assets.xcassets in Resources */ = {isa = PBXBuildFile; fileRef = E42EC4E0238676B400985E59 /* Assets.xcassets */; };
		E42EC4E4238676B400985E59 /* LaunchScreen.storyboard in Resources */ = {isa = PBXBuildFile; fileRef = E42EC4E2238676B400985E59 /* LaunchScreen.storyboard */; };
		E42EC4EE2387C2D900985E59 /* PasswordViewController.storyboard in Resources */ = {isa = PBXBuildFile; fileRef = E42EC4ED2387C2D900985E59 /* PasswordViewController.storyboard */; };
		E42EC4F02387C2EC00985E59 /* PasswordViewController.swift in Sources */ = {isa = PBXBuildFile; fileRef = E42EC4EF2387C2EC00985E59 /* PasswordViewController.swift */; };
		E42EC4F32387CFE300985E59 /* DENetManager.swift in Sources */ = {isa = PBXBuildFile; fileRef = E42EC4F22387CFE300985E59 /* DENetManager.swift */; };
		E42EC4F52387D0F400985E59 /* Constants.swift in Sources */ = {isa = PBXBuildFile; fileRef = E42EC4F42387D0F400985E59 /* Constants.swift */; };
		E42EC4F72387D26900985E59 /* NetManager.swift in Sources */ = {isa = PBXBuildFile; fileRef = E42EC4F62387D26900985E59 /* NetManager.swift */; };
/* End PBXBuildFile section */

/* Begin PBXFileReference section */
		CB4465978E5FB5C77F0BD487 /* Pods-U4d.release.xcconfig */ = {isa = PBXFileReference; includeInIndex = 1; lastKnownFileType = text.xcconfig; name = "Pods-U4d.release.xcconfig"; path = "Target Support Files/Pods-U4d/Pods-U4d.release.xcconfig"; sourceTree = "<group>"; };
		E3281A51FB46E74B8A16E2FD /* Pods_U4d.framework */ = {isa = PBXFileReference; explicitFileType = wrapper.framework; includeInIndex = 0; path = Pods_U4d.framework; sourceTree = BUILT_PRODUCTS_DIR; };
		E42EC4D4238676B300985E59 /* U4d.app */ = {isa = PBXFileReference; explicitFileType = wrapper.application; includeInIndex = 0; path = U4d.app; sourceTree = BUILT_PRODUCTS_DIR; };
		E42EC4D7238676B300985E59 /* AppDelegate.swift */ = {isa = PBXFileReference; lastKnownFileType = sourcecode.swift; path = AppDelegate.swift; sourceTree = "<group>"; };
		E42EC4DE238676B300985E59 /* Base */ = {isa = PBXFileReference; lastKnownFileType = file.storyboard; name = Base; path = Base.lproj/Main.storyboard; sourceTree = "<group>"; };
		E42EC4E0238676B400985E59 /* Assets.xcassets */ = {isa = PBXFileReference; lastKnownFileType = folder.assetcatalog; path = Assets.xcassets; sourceTree = "<group>"; };
		E42EC4E3238676B400985E59 /* Base */ = {isa = PBXFileReference; lastKnownFileType = file.storyboard; name = Base; path = Base.lproj/LaunchScreen.storyboard; sourceTree = "<group>"; };
		E42EC4E5238676B400985E59 /* Info.plist */ = {isa = PBXFileReference; lastKnownFileType = text.plist.xml; path = Info.plist; sourceTree = "<group>"; };
		E42EC4ED2387C2D900985E59 /* PasswordViewController.storyboard */ = {isa = PBXFileReference; lastKnownFileType = file.storyboard; path = PasswordViewController.storyboard; sourceTree = "<group>"; };
		E42EC4EF2387C2EC00985E59 /* PasswordViewController.swift */ = {isa = PBXFileReference; lastKnownFileType = sourcecode.swift; path = PasswordViewController.swift; sourceTree = "<group>"; };
		E42EC4F22387CFE300985E59 /* DENetManager.swift */ = {isa = PBXFileReference; lastKnownFileType = sourcecode.swift; path = DENetManager.swift; sourceTree = "<group>"; };
		E42EC4F42387D0F400985E59 /* Constants.swift */ = {isa = PBXFileReference; lastKnownFileType = sourcecode.swift; path = Constants.swift; sourceTree = "<group>"; };
		E42EC4F62387D26900985E59 /* NetManager.swift */ = {isa = PBXFileReference; lastKnownFileType = sourcecode.swift; path = NetManager.swift; sourceTree = "<group>"; };
		F1A08D7AED81E15D576A44AA /* Pods-U4d.debug.xcconfig */ = {isa = PBXFileReference; includeInIndex = 1; lastKnownFileType = text.xcconfig; name = "Pods-U4d.debug.xcconfig"; path = "Target Support Files/Pods-U4d/Pods-U4d.debug.xcconfig"; sourceTree = "<group>"; };
/* End PBXFileReference section */

/* Begin PBXFrameworksBuildPhase section */
		E42EC4D1238676B300985E59 /* Frameworks */ = {
			isa = PBXFrameworksBuildPhase;
			buildActionMask = 2147483647;
			files = (
				8456B9DA8E3DE75140BCE07B /* Pods_U4d.framework in Frameworks */,
			);
			runOnlyForDeploymentPostprocessing = 0;
		};
/* End PBXFrameworksBuildPhase section */

/* Begin PBXGroup section */
		B74FEA544528FBFC28CB97F8 /* Frameworks */ = {
			isa = PBXGroup;
			children = (
				E3281A51FB46E74B8A16E2FD /* Pods_U4d.framework */,
			);
			name = Frameworks;
			sourceTree = "<group>";
		};
		DCD1464EFD96EE97E03F2583 /* Pods */ = {
			isa = PBXGroup;
			children = (
				F1A08D7AED81E15D576A44AA /* Pods-U4d.debug.xcconfig */,
				CB4465978E5FB5C77F0BD487 /* Pods-U4d.release.xcconfig */,
			);
			path = Pods;
			sourceTree = "<group>";
		};
		E42EC4CB238676B300985E59 = {
			isa = PBXGroup;
			children = (
				E42EC4D6238676B300985E59 /* U4d */,
				E42EC4D5238676B300985E59 /* Products */,
				DCD1464EFD96EE97E03F2583 /* Pods */,
				B74FEA544528FBFC28CB97F8 /* Frameworks */,
			);
			sourceTree = "<group>";
		};
		E42EC4D5238676B300985E59 /* Products */ = {
			isa = PBXGroup;
			children = (
				E42EC4D4238676B300985E59 /* U4d.app */,
			);
			name = Products;
			sourceTree = "<group>";
		};
		E42EC4D6238676B300985E59 /* U4d */ = {
			isa = PBXGroup;
			children = (
				E42EC4F12387CF4500985E59 /* NetWorkManager */,
				E42EC4EC2387BEE600985E59 /* PasswordViewController */,
				E42EC4EB2386771500985E59 /* AppSupports */,
			);
			path = U4d;
			sourceTree = "<group>";
		};
		E42EC4EB2386771500985E59 /* AppSupports */ = {
			isa = PBXGroup;
			children = (
				E42EC4D7238676B300985E59 /* AppDelegate.swift */,
				E42EC4DD238676B300985E59 /* Main.storyboard */,
				E42EC4E0238676B400985E59 /* Assets.xcassets */,
				E42EC4E2238676B400985E59 /* LaunchScreen.storyboard */,
				E42EC4E5238676B400985E59 /* Info.plist */,
				E42EC4F42387D0F400985E59 /* Constants.swift */,
			);
			path = AppSupports;
			sourceTree = "<group>";
		};
		E42EC4EC2387BEE600985E59 /* PasswordViewController */ = {
			isa = PBXGroup;
			children = (
				E42EC4ED2387C2D900985E59 /* PasswordViewController.storyboard */,
				E42EC4EF2387C2EC00985E59 /* PasswordViewController.swift */,
			);
			path = PasswordViewController;
			sourceTree = "<group>";
		};
		E42EC4F12387CF4500985E59 /* NetWorkManager */ = {
			isa = PBXGroup;
			children = (
				E42EC4F22387CFE300985E59 /* DENetManager.swift */,
				E42EC4F62387D26900985E59 /* NetManager.swift */,
			);
			path = NetWorkManager;
			sourceTree = "<group>";
		};
/* End PBXGroup section */

/* Begin PBXNativeTarget section */
		E42EC4D3238676B300985E59 /* U4d */ = {
			isa = PBXNativeTarget;
			buildConfigurationList = E42EC4E8238676B400985E59 /* Build configuration list for PBXNativeTarget "U4d" */;
			buildPhases = (
				079EA9D69E17B19AC6E8C534 /* [CP] Check Pods Manifest.lock */,
				E42EC4D0238676B300985E59 /* Sources */,
				E42EC4D1238676B300985E59 /* Frameworks */,
				E42EC4D2238676B300985E59 /* Resources */,
				E4880DCB3565C46D98C52D56 /* [CP] Embed Pods Frameworks */,
			);
			buildRules = (
			);
			dependencies = (
			);
			name = U4d;
			productName = U4d;
			productReference = E42EC4D4238676B300985E59 /* U4d.app */;
			productType = "com.apple.product-type.application";
		};
/* End PBXNativeTarget section */

/* Begin PBXProject section */
		E42EC4CC238676B300985E59 /* Project object */ = {
			isa = PBXProject;
			attributes = {
				LastSwiftUpdateCheck = 1120;
				LastUpgradeCheck = 1120;
				ORGANIZATIONNAME = "Quinn Von";
				TargetAttributes = {
					E42EC4D3238676B300985E59 = {
						CreatedOnToolsVersion = 11.2.1;
					};
				};
			};
			buildConfigurationList = E42EC4CF238676B300985E59 /* Build configuration list for PBXProject "U4d" */;
			compatibilityVersion = "Xcode 9.3";
			developmentRegion = en;
			hasScannedForEncodings = 0;
			knownRegions = (
				en,
				Base,
			);
			mainGroup = E42EC4CB238676B300985E59;
			productRefGroup = E42EC4D5238676B300985E59 /* Products */;
			projectDirPath = "";
			projectRoot = "";
			targets = (
				E42EC4D3238676B300985E59 /* U4d */,
			);
		};
/* End PBXProject section */

/* Begin PBXResourcesBuildPhase section */
		E42EC4D2238676B300985E59 /* Resources */ = {
			isa = PBXResourcesBuildPhase;
			buildActionMask = 2147483647;
			files = (
				E42EC4E4238676B400985E59 /* LaunchScreen.storyboard in Resources */,
				E42EC4E1238676B400985E59 /* Assets.xcassets in Resources */,
				E42EC4EE2387C2D900985E59 /* PasswordViewController.storyboard in Resources */,
				E42EC4DF238676B300985E59 /* Main.storyboard in Resources */,
			);
			runOnlyForDeploymentPostprocessing = 0;
		};
/* End PBXResourcesBuildPhase section */

/* Begin PBXShellScriptBuildPhase section */
		079EA9D69E17B19AC6E8C534 /* [CP] Check Pods Manifest.lock */ = {
			isa = PBXShellScriptBuildPhase;
			buildActionMask = 2147483647;
			files = (
			);
			inputFileListPaths = (
			);
			inputPaths = (
				"${PODS_PODFILE_DIR_PATH}/Podfile.lock",
				"${PODS_ROOT}/Manifest.lock",
			);
			name = "[CP] Check Pods Manifest.lock";
			outputFileListPaths = (
			);
			outputPaths = (
				"$(DERIVED_FILE_DIR)/Pods-U4d-checkManifestLockResult.txt",
			);
			runOnlyForDeploymentPostprocessing = 0;
			shellPath = /bin/sh;
			shellScript = "diff \"${PODS_PODFILE_DIR_PATH}/Podfile.lock\" \"${PODS_ROOT}/Manifest.lock\" > /dev/null\nif [ $? != 0 ] ; then\n    # print error to STDERR\n    echo \"error: The sandbox is not in sync with the Podfile.lock. Run 'pod install' or update your CocoaPods installation.\" >&2\n    exit 1\nfi\n# This output is used by Xcode 'outputs' to avoid re-running this script phase.\necho \"SUCCESS\" > \"${SCRIPT_OUTPUT_FILE_0}\"\n";
			showEnvVarsInLog = 0;
		};
		E4880DCB3565C46D98C52D56 /* [CP] Embed Pods Frameworks */ = {
			isa = PBXShellScriptBuildPhase;
			buildActionMask = 2147483647;
			files = (
			);
			inputFileListPaths = (
				"${PODS_ROOT}/Target Support Files/Pods-U4d/Pods-U4d-frameworks-${CONFIGURATION}-input-files.xcfilelist",
			);
			name = "[CP] Embed Pods Frameworks";
			outputFileListPaths = (
				"${PODS_ROOT}/Target Support Files/Pods-U4d/Pods-U4d-frameworks-${CONFIGURATION}-output-files.xcfilelist",
			);
			runOnlyForDeploymentPostprocessing = 0;
			shellPath = /bin/sh;
			shellScript = "\"${PODS_ROOT}/Target Support Files/Pods-U4d/Pods-U4d-frameworks.sh\"\n";
			showEnvVarsInLog = 0;
		};
/* End PBXShellScriptBuildPhase section */

/* Begin PBXSourcesBuildPhase section */
		E42EC4D0238676B300985E59 /* Sources */ = {
			isa = PBXSourcesBuildPhase;
			buildActionMask = 2147483647;
			files = (
				E42EC4F32387CFE300985E59 /* DENetManager.swift in Sources */,
				E42EC4D8238676B300985E59 /* AppDelegate.swift in Sources */,
				E42EC4F02387C2EC00985E59 /* PasswordViewController.swift in Sources */,
				E42EC4F72387D26900985E59 /* NetManager.swift in Sources */,
				E42EC4F52387D0F400985E59 /* Constants.swift in Sources */,
			);
			runOnlyForDeploymentPostprocessing = 0;
		};
/* End PBXSourcesBuildPhase section */

/* Begin PBXVariantGroup section */
		E42EC4DD238676B300985E59 /* Main.storyboard */ = {
			isa = PBXVariantGroup;
			children = (
				E42EC4DE238676B300985E59 /* Base */,
			);
			name = Main.storyboard;
			sourceTree = "<group>";
		};
		E42EC4E2238676B400985E59 /* LaunchScreen.storyboard */ = {
			isa = PBXVariantGroup;
			children = (
				E42EC4E3238676B400985E59 /* Base */,
			);
			name = LaunchScreen.storyboard;
			sourceTree = "<group>";
		};
/* End PBXVariantGroup section */

/* Begin XCBuildConfiguration section */
		E42EC4E6238676B400985E59 /* Debug */ = {
			isa = XCBuildConfiguration;
			buildSettings = {
				ALWAYS_SEARCH_USER_PATHS = NO;
				CLANG_ANALYZER_NONNULL = YES;
				CLANG_ANALYZER_NUMBER_OBJECT_CONVERSION = YES_AGGRESSIVE;
				CLANG_CXX_LANGUAGE_STANDARD = "gnu++14";
				CLANG_CXX_LIBRARY = "libc++";
				CLANG_ENABLE_MODULES = YES;
				CLANG_ENABLE_OBJC_ARC = YES;
				CLANG_ENABLE_OBJC_WEAK = YES;
				CLANG_WARN_BLOCK_CAPTURE_AUTORELEASING = YES;
				CLANG_WARN_BOOL_CONVERSION = YES;
				CLANG_WARN_COMMA = YES;
				CLANG_WARN_CONSTANT_CONVERSION = YES;
				CLANG_WARN_DEPRECATED_OBJC_IMPLEMENTATIONS = YES;
				CLANG_WARN_DIRECT_OBJC_ISA_USAGE = YES_ERROR;
				CLANG_WARN_DOCUMENTATION_COMMENTS = YES;
				CLANG_WARN_EMPTY_BODY = YES;
				CLANG_WARN_ENUM_CONVERSION = YES;
				CLANG_WARN_INFINITE_RECURSION = YES;
				CLANG_WARN_INT_CONVERSION = YES;
				CLANG_WARN_NON_LITERAL_NULL_CONVERSION = YES;
				CLANG_WARN_OBJC_IMPLICIT_RETAIN_SELF = YES;
				CLANG_WARN_OBJC_LITERAL_CONVERSION = YES;
				CLANG_WARN_OBJC_ROOT_CLASS = YES_ERROR;
				CLANG_WARN_RANGE_LOOP_ANALYSIS = YES;
				CLANG_WARN_STRICT_PROTOTYPES = YES;
				CLANG_WARN_SUSPICIOUS_MOVE = YES;
				CLANG_WARN_UNGUARDED_AVAILABILITY = YES_AGGRESSIVE;
				CLANG_WARN_UNREACHABLE_CODE = YES;
				CLANG_WARN__DUPLICATE_METHOD_MATCH = YES;
				COPY_PHASE_STRIP = NO;
				DEBUG_INFORMATION_FORMAT = dwarf;
				ENABLE_STRICT_OBJC_MSGSEND = YES;
				ENABLE_TESTABILITY = YES;
				GCC_C_LANGUAGE_STANDARD = gnu11;
				GCC_DYNAMIC_NO_PIC = NO;
				GCC_NO_COMMON_BLOCKS = YES;
				GCC_OPTIMIZATION_LEVEL = 0;
				GCC_PREPROCESSOR_DEFINITIONS = (
					"DEBUG=1",
					"$(inherited)",
				);
				GCC_WARN_64_TO_32_BIT_CONVERSION = YES;
				GCC_WARN_ABOUT_RETURN_TYPE = YES_ERROR;
				GCC_WARN_UNDECLARED_SELECTOR = YES;
				GCC_WARN_UNINITIALIZED_AUTOS = YES_AGGRESSIVE;
				GCC_WARN_UNUSED_FUNCTION = YES;
				GCC_WARN_UNUSED_VARIABLE = YES;
				IPHONEOS_DEPLOYMENT_TARGET = 13.2;
				MTL_ENABLE_DEBUG_INFO = INCLUDE_SOURCE;
				MTL_FAST_MATH = YES;
				ONLY_ACTIVE_ARCH = YES;
				SDKROOT = iphoneos;
				SWIFT_ACTIVE_COMPILATION_CONDITIONS = DEBUG;
				SWIFT_OPTIMIZATION_LEVEL = "-Onone";
			};
			name = Debug;
		};
		E42EC4E7238676B400985E59 /* Release */ = {
			isa = XCBuildConfiguration;
			buildSettings = {
				ALWAYS_SEARCH_USER_PATHS = NO;
				CLANG_ANALYZER_NONNULL = YES;
				CLANG_ANALYZER_NUMBER_OBJECT_CONVERSION = YES_AGGRESSIVE;
				CLANG_CXX_LANGUAGE_STANDARD = "gnu++14";
				CLANG_CXX_LIBRARY = "libc++";
				CLANG_ENABLE_MODULES = YES;
				CLANG_ENABLE_OBJC_ARC = YES;
				CLANG_ENABLE_OBJC_WEAK = YES;
				CLANG_WARN_BLOCK_CAPTURE_AUTORELEASING = YES;
				CLANG_WARN_BOOL_CONVERSION = YES;
				CLANG_WARN_COMMA = YES;
				CLANG_WARN_CONSTANT_CONVERSION = YES;
				CLANG_WARN_DEPRECATED_OBJC_IMPLEMENTATIONS = YES;
				CLANG_WARN_DIRECT_OBJC_ISA_USAGE = YES_ERROR;
				CLANG_WARN_DOCUMENTATION_COMMENTS = YES;
				CLANG_WARN_EMPTY_BODY = YES;
				CLANG_WARN_ENUM_CONVERSION = YES;
				CLANG_WARN_INFINITE_RECURSION = YES;
				CLANG_WARN_INT_CONVERSION = YES;
				CLANG_WARN_NON_LITERAL_NULL_CONVERSION = YES;
				CLANG_WARN_OBJC_IMPLICIT_RETAIN_SELF = YES;
				CLANG_WARN_OBJC_LITERAL_CONVERSION = YES;
				CLANG_WARN_OBJC_ROOT_CLASS = YES_ERROR;
				CLANG_WARN_RANGE_LOOP_ANALYSIS = YES;
				CLANG_WARN_STRICT_PROTOTYPES = YES;
				CLANG_WARN_SUSPICIOUS_MOVE = YES;
				CLANG_WARN_UNGUARDED_AVAILABILITY = YES_AGGRESSIVE;
				CLANG_WARN_UNREACHABLE_CODE = YES;
				CLANG_WARN__DUPLICATE_METHOD_MATCH = YES;
				COPY_PHASE_STRIP = NO;
				DEBUG_INFORMATION_FORMAT = "dwarf-with-dsym";
				ENABLE_NS_ASSERTIONS = NO;
				ENABLE_STRICT_OBJC_MSGSEND = YES;
				GCC_C_LANGUAGE_STANDARD = gnu11;
				GCC_NO_COMMON_BLOCKS = YES;
				GCC_WARN_64_TO_32_BIT_CONVERSION = YES;
				GCC_WARN_ABOUT_RETURN_TYPE = YES_ERROR;
				GCC_WARN_UNDECLARED_SELECTOR = YES;
				GCC_WARN_UNINITIALIZED_AUTOS = YES_AGGRESSIVE;
				GCC_WARN_UNUSED_FUNCTION = YES;
				GCC_WARN_UNUSED_VARIABLE = YES;
				IPHONEOS_DEPLOYMENT_TARGET = 13.2;
				MTL_ENABLE_DEBUG_INFO = NO;
				MTL_FAST_MATH = YES;
				SDKROOT = iphoneos;
				SWIFT_COMPILATION_MODE = wholemodule;
				SWIFT_OPTIMIZATION_LEVEL = "-O";
				VALIDATE_PRODUCT = YES;
			};
			name = Release;
		};
		E42EC4E9238676B400985E59 /* Debug */ = {
			isa = XCBuildConfiguration;
			baseConfigurationReference = F1A08D7AED81E15D576A44AA /* Pods-U4d.debug.xcconfig */;
			buildSettings = {
				ASSETCATALOG_COMPILER_APPICON_NAME = AppIcon;
				CODE_SIGN_STYLE = Automatic;
				DEVELOPMENT_TEAM = V95KM6E24P;
				INFOPLIST_FILE = U4d/AppSupports/Info.plist;
				IPHONEOS_DEPLOYMENT_TARGET = 11.0;
				LD_RUNPATH_SEARCH_PATHS = (
					"$(inherited)",
					"@executable_path/Frameworks",
				);
				PRODUCT_BUNDLE_IDENTIFIER = com.von.quinn.U4d;
				PRODUCT_NAME = "$(TARGET_NAME)";
				SWIFT_VERSION = 5.0;
				TARGETED_DEVICE_FAMILY = 1;
			};
			name = Debug;
		};
		E42EC4EA238676B400985E59 /* Release */ = {
			isa = XCBuildConfiguration;
			baseConfigurationReference = CB4465978E5FB5C77F0BD487 /* Pods-U4d.release.xcconfig */;
			buildSettings = {
				ASSETCATALOG_COMPILER_APPICON_NAME = AppIcon;
				CODE_SIGN_STYLE = Automatic;
				DEVELOPMENT_TEAM = V95KM6E24P;
				INFOPLIST_FILE = U4d/AppSupports/Info.plist;
				IPHONEOS_DEPLOYMENT_TARGET = 11.0;
				LD_RUNPATH_SEARCH_PATHS = (
					"$(inherited)",
					"@executable_path/Frameworks",
				);
				PRODUCT_BUNDLE_IDENTIFIER = com.von.quinn.U4d;
				PRODUCT_NAME = "$(TARGET_NAME)";
				SWIFT_VERSION = 5.0;
				TARGETED_DEVICE_FAMILY = 1;
			};
			name = Release;
		};
/* End XCBuildConfiguration section */

/* Begin XCConfigurationList section */
		E42EC4CF238676B300985E59 /* Build configuration list for PBXProject "U4d" */ = {
			isa = XCConfigurationList;
			buildConfigurations = (
				E42EC4E6238676B400985E59 /* Debug */,
				E42EC4E7238676B400985E59 /* Release */,
			);
			defaultConfigurationIsVisible = 0;
			defaultConfigurationName = Release;
		};
		E42EC4E8238676B400985E59 /* Build configuration list for PBXNativeTarget "U4d" */ = {
			isa = XCConfigurationList;
			buildConfigurations = (
				E42EC4E9238676B400985E59 /* Debug */,
				E42EC4EA238676B400985E59 /* Release */,
			);
			defaultConfigurationIsVisible = 0;
			defaultConfigurationName = Release;
		};
/* End XCConfigurationList section */
	};
	rootObject = E42EC4CC238676B300985E59 /* Project object */;
}
